
Microsoft Visual Studio Solution File, Format Version 12.00
# Visual Studio Version 17
VisualStudioVersion = 17.1.32421.90
MinimumVisualStudioVersion = 10.0.40219.1
Project("{9A19103F-16F7-4668-BE54-9A1E7A4F7556}") = "TimeTracker", "TimeTracker.csproj", "{B7484F83-C0C6-4A93-B909-1ECEE8A0CF43}"
EndProject
Global
	GlobalSection(SolutionConfigurationPlatforms) = preSolution
		Debug|Any CPU = Debug|Any CPU
		Release|Any CPU = Release|Any CPU
	EndGlobalSection
	GlobalSection(ProjectConfigurationPlatforms) = postSolution
		{B7484F83-C0C6-4A93-B909-1ECEE8A0CF43}.Debug|Any CPU.ActiveCfg = Debug|Any CPU
		{B7484F83-C0C6-4A93-B909-1ECEE8A0CF43}.Debug|Any CPU.Build.0 = Debug|Any CPU
		{B7484F83-C0C6-4A93-B909-1ECEE8A0CF43}.Release|Any CPU.ActiveCfg = Release|Any CPU
		{B7484F83-C0C6-4A93-B909-1ECEE8A0CF43}.Release|Any CPU.Build.0 = Release|Any CPU
	EndGlobalSection
	GlobalSection(SolutionProperties) = preSolution
		HideSolutionNode = FALSE
	EndGlobalSection
	GlobalSection(ExtensibilityGlobals) = postSolution
		SolutionGuid = {11D1B38F-1D77-4818-8E4A-CCB926EA34CB}
	EndGlobalSection
EndGlobal
